github.com/aymanbagabas/go-osc52/v2 v2.0.1 h1:HwpRHbFMcZLEVr42D4p7XBqjyuxQH5SMiErDT4WkJ2k=
github.com/aymanbagabas/go-osc52/v2 v2.0.1/go.mod h1:uYgXzlJ7ZpABp8OJ+exZzJJhRNQ2ASbcXHWsFqH8hp8=
github.com/bmatcuk/doublestar/v4 v4.10.0 h1:zU9WiOla1YA122oLM6i4EXvGW62DvKZVxIe6TYWexEs=
github.com/bmatcuk/doublestar/v4 v4.10.0/go.mod h1:xBQ8jztBU6kakFMg+8WGxn0c6z1fTSPVIjEY1Wr7jzc=
github.com/charmbracelet/colorprofile v0.4.3 h1:QPa1IWkYI+AOB+fE+mg/5/4HRMZcaXex9t5KX76i20Q=
github.com/charmbracelet/colorprofile v0.4.3/go.mod h1:/zT4BhpD5aGFpqQQqw7a+VtHCzu+zrQtt1zhMt9mR4Q=
github.com/charmbracelet/lipgloss v1.1.0 h1:vYXsiLHVkK7fp74RkV7b2kq9+zDLoEU4MZoFqR/noCY=
github.com/charmbracelet/lipgloss v1.1.0/go.mod h1:/6Q8FR2o+kj8rz4Dq0zQc3vYf7X+B0binUUBwA0aL30=
github.com/charmbracelet/lipgloss v1.1.1-0.20250404203927-76690c660834 h1:ZR7e0ro+SZZiIZD7msJyA+NjkCNNavuiPBLgerbOziE=
github.com/charmbracelet/lipgloss v1.1.1-0.20250404203927-76690c660834/go.mod h1:aKC/t2arECF6rNOnaKaVU6y4t4ZeHQzqfxedE/VkVhA=
github.com/charmbracelet/x/ansi v0.11.7 h1:kzv1kJvjg2S3r9KHo8hDdHFQLEqn4RBCb39dAYC84jI=
github.com/charmbracelet/x/ansi v0.11.7/go.mod h1:9qGpnAVYz+8ACONkZBUWPtL7lulP9No6p1epAihUZwQ=
github.com/charmbracelet/x/cellbuf v0.0.13-0.20250311204145-2c3ea96c31dd h1:vy0GVL4jeHEwG5YOXDmi86oYw2yuYUGqz6a8sLwg0X8=
github.com/charmbracelet/x/cellbuf v0.0.13-0.20250311204145-2c3ea96c31dd/go.mod h1:xe0nKWGd3eJgtqZRaN9RjMtK7xUYchjzPr7q6kcvCCs=
github.com/charmbracelet/x/cellbuf v0.0.13 h1:/KBBKHuVRbq1lYx5BzEHBAFBP8VcQzJejZ/IA3iR28k=
github.com/charmbracelet/x/cellbuf v0.0.13/go.mod h1:xe0nKWGd3eJgtqZRaN9RjMtK7xUYchjzPr7q6kcvCCs=
github.com/charmbracelet/x/cellbuf v0.0.15 h1:ur3pZy0o6z/R7EylET877CBxaiE1Sp1GMxoFPAIztPI=
github.com/charmbracelet/x/cellbuf v0.0.15/go.mod h1:J1YVbR7MUuEGIFPCaaZ96KDl5NoS0DAWkskup+mOY+Q=
github.com/charmbracelet/x/term v0.2.2 h1:xVRT/S2ZcKdhhOuSP4t5cLi5o+JxklsoEObBSgfgZRk=
github.com/charmbracelet/x/term v0.2.2/go.mod h1:kF8CY5RddLWrsgVwpw4kAa6TESp6EB5y3uxGLeCqzAI=
github.com/clipperhouse/displaywidth v0.11.0 h1:lBc6kY44VFw+TDx4I8opi/EtL9m20WSEFgwIwO+UVM8=
github.com/clipperhouse/displaywidth v0.11.0/go.mod h1:bkrFNkf81G8HyVqmKGxsPufD3JhNl3dSqnGhOoSD/o0=
github.com/clipperhouse/uax29/v2 v2.7.0 h1:+gs4oBZ2gPfVrKPthwbMzWZDaAFPGYK72F0NJv2v7Vk=
github.com/clipperhouse/uax29/v2 v2.7.0/go.mod h1:EFJ2TJMRUaplDxHKj1qAEhCtQPW2tJSwu5BF98AuoVM=
github.com/cpuguy83/go-md2man/v2 v2.0.6/go.mod h1:oOW0eioCTA6cOiMLiUPZOpcVxMig6NIQQ7OS05n1F4g=
github.com/dustin/go-humanize v1.0.1 h1:GzkhY7T5VNhEkwH0PVJgjz+fX1rhBrR7pRT3mDkpeCY=
github.com/dustin/go-humanize v1.0.1/go.mod h1:Mu1zIs6XwVuF/gI1OepvI0qD18qycQx+mFykh5fBlto=
github.com/ebitengine/purego v0.11.0 h1:jhp/D+Nyv7UUW8HAcmcjt2N2rYrYi9m3SL21k0Ua/NI=
github.com/ebitengine/purego v0.11.0/go.mod h1:DCHPP08djqhNSoTfImcnHYQRZmd0qhakvrozqaEYhGQ=
github.com/git-pkgs/gitignore v1.3.0 h1:/lcTRp3QYzZDG1CyCLBZO2gxMb6oQWC5EnttSQg4zmU=
github.com/git-pkgs/gitignore v1.3.0/go.mod h1:zleLGZ4PhQrUXrJSsVQWKoeEllEjJH49+DjyKpzIFPM=
github.com/google/go-cmp v0.6.0 h1:ofyhxvXcZhMsU5ulbFiLKl/XBFqE1GSq7atu8tAmTRI=
github.com/google/go-cmp v0.6.0/go.mod h1:17dUlkBOakJ0+DkrSSNjCkIjxS6bF9zb3elmeNGIjoY=
github.com/google/uuid v1.6.0 h1:NIvaJDMOsjHA8n1jAhLSgzrAzy1Hgr+hNrb57e+94F0=
github.com/google/uuid v1.6.0/go.mod h1:TIyPZe4MgqvfeYDBFedMoGGpEw/LqOeaOT+nhxU+yHo=
github.com/hashicorp/golang-lru/v2 v2.0.7 h1:a+bsQ5rvGLjzHuww6tVxozPZFVghXaHOwFs4luLUK2k=
github.com/hashicorp/golang-lru/v2 v2.0.7/go.mod h1:QeFd9opnmA6QUJc5vARoKUSoFhyfM2/ZepoAG6RGpeM=
github.com/inconshreveable/mousetrap v1.1.0 h1:wN+x4NVGpMsO7ErUn/mUI3vEoE6Jt13X2s0bqwp9tc8=
github.com/inconshreveable/mousetrap v1.1.0/go.mod h1:vpF70FUmC8bwa3OWnCshd2FqLfsEA9PFc4w1p2J65bw=
github.com/lewtec/lewkit v0.0.0-20260926004721-11710eb97853 h1:Q9WSq9PoTeu9+j5qn3Fg7FBqz3hQmIR7v/AVfi3jTYU=
github.com/lewtec/lewkit v0.0.0-20260926004721-11710eb97853/go.mod h1:5JbYG3q20rGDjBvl3jc2AVwkC18lZMk87AMGWkPZJBk=
github.com/lucasb-eyer/go-colorful v1.4.0 h1:UtrWVfLdarDgc44HcS7pYloGHJUjHV/4FwW4TvVgFr4=
github.com/lucasb-eyer/go-colorful v1.4.0/go.mod h1:R4dSotOR9KMtayYi1e77YzuveK+i7ruzyGqttikkLy0=
github.com/mattn/go-isatty v0.0.24 h1:tGZZoVgT/KiqK1c8ocVLeDS8BSWMRd47J3Lbz7vsReI=
github.com/mattn/go-isatty v0.0.24/go.mod h1:nMCL3Zebbrt45jsMDgnfIwz6ydEQApk5oEI3HqDio6A=
github.com/mattn/go-runewidth v0.0.30 h1:+KUuiDA4fF0R1p5FeueHefjDm+GIM+kWfFnDjybOPgk=
github.com/mattn/go-runewidth v0.0.30/go.mod h1:3qAiGCV4Koz/yuveO58qUefmUTRm8r0IGEXZ9jeHp/8=
github.com/modernc-tree-sitter/ccgo-tree-sitter/grammar v0.0.0-20260713221032-8673315d25fc h1:1QOPZYo72WjzoyLaUzxLnPmc5fEyC5hSIVH2V5WhwCo=
github.com/modernc-tree-sitter/ccgo-tree-sitter/grammar v0.0.0-20260713221032-8673315d25fc/go.mod h1:jR96Nqj1lVnP2eTRrbQnHUoSJ3uzijfhErwZhSi+bnk=
github.com/modernc-tree-sitter/ccgo-tree-sitter/grammar/astro v0.0.0-20260725174331-dd9b30823ceb h1:mTQJYC5Mj/XefjNPsqvBBwKWAkBwEDLqQSd80wBt8J8=
github.com/modernc-tree-sitter/ccgo-tree-sitter/grammar/astro v0.0.0-20260725174331-dd9b30823ceb/go.mod h1:Mt4X3pc/V5yQM2XW/GmOn6nyYxm5KsTyMaSX7zXcdjE=
github.com/modernc-tree-sitter/ccgo-tree-sitter/grammar/c v0.0.0-20260725174331-dd9b30823ceb h1:Y2k6I+g/x1PoENSofdbshg5dHJQBuupNVIZdZiVuZ4w=
github.com/modernc-tree-sitter/ccgo-tree-sitter/grammar/c v0.0.0-20260725174331-dd9b30823ceb/go.mod h1:m8Zc/orbwm2VTaKQPPtTOqwHZbNrsaDU0s/u0t8fu2c=
github.com/modernc-tree-sitter/ccgo-tree-sitter/grammar/commonlisp v0.0.0-20260802195525-37cdcab3c8c7 h1:B2FXWHacyQUIhe0GPaGEAxCrI7tVvZ0w8qhWnA3NeWI=
github.com/modernc-tree-sitter/ccgo-tree-sitter/grammar/commonlisp v0.0.0-20260802195525-37cdcab3c8c7/go.mod h1:5mz5c7DovGnQVQGL6PT7zhLr5vFn0Jepp+9LEJ5VM74=
github.com/modernc-tree-sitter/ccgo-tree-sitter/grammar/cpp v0.0.0-20260725174331-dd9b30823ceb h1:KT2KrZDZ22UIseHwsoD05f+wsem6yzMvmb5RDcRJcwI=
github.com/modernc-tree-sitter/ccgo-tree-sitter/grammar/cpp v0.0.0-20260725174331-dd9b30823ceb/go.mod h1:GQfdeH2VrZiUvUbxjByQ871QjUGLFBH+dDIGj829ivM=
github.com/modernc-tree-sitter/ccgo-tree-sitter/grammar/go v0.0.0-20260713221032-8673315d25fc h1:7IwiqYIb8+5byJsapNcpSrZwYLlQa9QD2R8Mx7JwqWM=
github.com/modernc-tree-sitter/ccgo-tree-sitter/grammar/go v0.0.0-20260713221032-8673315d25fc/go.mod h1:yToVHO1BKzVhZ9FrYDf994Bk76/0Kej2OLjwNY+mRYI=
github.com/modernc-tree-sitter/ccgo-tree-sitter/grammar/html v0.0.0-20260725174331-dd9b30823ceb h1:lB383RSy1kIE5uNzdMkgHB3pvRGPOPXdZ04VaduQJE4=
github.com/modernc-tree-sitter/ccgo-tree-sitter/grammar/html v0.0.0-20260725174331-dd9b30823ceb/go.mod h1:LliQD1b0sWv/njucpHXoh7jOrCVVweDqS4ArMrJwe0E=
github.com/modernc-tree-sitter/ccgo-tree-sitter/grammar/java v0.0.0-20260713221032-8673315d25fc h1:TtXsMDrbN7si7eiA6uZn60aQFyTNuAU26QXvpwN4F6A=
github.com/modernc-tree-sitter/ccgo-tree-sitter/grammar/java v0.0.0-20260713221032-8673315d25fc/go.mod h1:NiRO49hGjAssee2ozzyo7yHk1czq24xXpVVzS5YQjXY=
github.com/modernc-tree-sitter/ccgo-tree-sitter/grammar/javascript v0.0.0-20260713221032-8673315d25fc h1:ef9Whan0bxX4Y9e7310qzPd6Z/OxFdMWQ63k+Z6ttDg=
github.com/modernc-tree-sitter/ccgo-tree-sitter/grammar/javascript v0.0.0-20260713221032-8673315d25fc/go.mod h1:q3jNbonaYF7qEEmvLDnNpXvcLziWNjAuH3sB6k+c0Ao=
github.com/modernc-tree-sitter/ccgo-tree-sitter/grammar/json v0.0.0-20260907205036-8fdfa3f25c9a h1:+krrflv4HNOuh+bMW0fxFdTaPVmQWGYrMLapedbNQ/E=
github.com/modernc-tree-sitter/ccgo-tree-sitter/grammar/json v0.0.0-20260907205036-8fdfa3f25c9a/go.mod h1:Uso8FVzX69d7OaOxyMhlhOOrPobsukTNm7N/Mfmp3XY=
github.com/modernc-tree-sitter/ccgo-tree-sitter/grammar/kotlin v0.0.0-20260713221032-8673315d25fc h1:G7d+0bmH+/jlDdUOEwEuVzXXvP/i7rR7Jri1Ypnc8/A=
github.com/modernc-tree-sitter/ccgo-tree-sitter/grammar/kotlin v0.0.0-20260713221032-8673315d25fc/go.mod h1:yrJo4QWPlTQK54up8qk/LM4Vm5HlkEm7c1G3Nfr8zWU=
github.com/modernc-tree-sitter/ccgo-tree-sitter/grammar/nix v0.0.0-20260713221032-8673315d25fc h1:ogDpqr3A7Tz/BwOztabman3GYik9E5c9RdGJSfUTEEI=
github.com/modernc-tree-sitter/ccgo-tree-sitter/grammar/nix v0.0.0-20260713221032-8673315d25fc/go.mod h1:p8q3hzkqZhJ5TIE9AVcfpI9RBaPp00eEUIoqObifnR4=
github.com/modernc-tree-sitter/ccgo-tree-sitter/grammar/python v0.0.0-20260713221032-8673315d25fc h1:dxSFbu8kIHu/DvYTa2x1M6ElD6YCyaUArP1flr0KQ+o=
github.com/modernc-tree-sitter/ccgo-tree-sitter/grammar/python v0.0.0-20260713221032-8673315d25fc/go.mod h1:RjDvWVcACiYDfoazPLrQpQMJUm7d1gT8sti56GNNVz0=
github.com/modernc-tree-sitter/ccgo-tree-sitter/grammar/rust v0.0.0-20260725174331-dd9b30823ceb h1:zK6rIqZWxVqc1ZwfBodXp/h3UJsrop2BQjAoG+lMeV4=
github.com/modernc-tree-sitter/ccgo-tree-sitter/grammar/rust v0.0.0-20260725174331-dd9b30823ceb/go.mod h1:IVnSMwhUF832bDxY2j2lIZDP2Zzyp/1j3pHO+1L0RkM=
github.com/modernc-tree-sitter/ccgo-tree-sitter/grammar/scala v0.0.0-20260725174331-dd9b30823ceb h1:6zL8bh7n67p+zyXDc31WuOD2IFU+5dfACpdqO4M/e0Q=
github.com/modernc-tree-sitter/ccgo-tree-sitter/grammar/scala v0.0.0-20260725174331-dd9b30823ceb/go.mod h1:fjiHui/kj3tsTX7dtufJrAFmFuSHZTyVgF8SlMdamxo=
github.com/modernc-tree-sitter/ccgo-tree-sitter/grammar/svelte v0.0.0-20260713221032-8673315d25fc h1:QzNJWYKoykZCYD5rirSdI71HNI0pJGcEK6ayiXiA0Po=
github.com/modernc-tree-sitter/ccgo-tree-sitter/grammar/svelte v0.0.0-20260713221032-8673315d25fc/go.mod h1:rVlZQEpC/6gapcUHFF8t87tuRpbtxHit/58R4ygSVBE=
github.com/modernc-tree-sitter/ccgo-tree-sitter/grammar/templ v0.0.0-20260725174331-dd9b30823ceb h1:ZET1hLKB6OLueQhC6RAsBKNR0sNkR9gFvz7BnBBTx2Y=
github.com/modernc-tree-sitter/ccgo-tree-sitter/grammar/templ v0.0.0-20260725174331-dd9b30823ceb/go.mod h1:15bnjh6RzLzCRmpY5iXz40zJiRtTpK5tR6CT8mMZgKs=
github.com/modernc-tree-sitter/ccgo-tree-sitter/grammar/tsx v0.0.0-20260713221032-8673315d25fc h1:KkaeMyrnF7J7g58tZIiE020qETHQmp4XNrHXn4JklFc=
github.com/modernc-tree-sitter/ccgo-tree-sitter/grammar/tsx v0.0.0-20260713221032-8673315d25fc/go.mod h1:3G7qR/iuB3nkeM6f5J4FCorH7fUs4z5ly4I72KT1ZZc=
github.com/modernc-tree-sitter/ccgo-tree-sitter/grammar/typescript v0.0.0-20260713221032-8673315d25fc h1:DZw4KX79GlGr/LP22VY4DCkvDuoZhhXnksN6mGOuWz0=
github.com/modernc-tree-sitter/ccgo-tree-sitter/grammar/typescript v0.0.0-20260713221032-8673315d25fc/go.mod h1:8wDGs0qBSIqX1J1q/IuY0OzmnV0z6PPLuMAYq3E4j4w=
github.com/modernc-tree-sitter/ccgo-tree-sitter/grammar/vue v0.0.0-20260725174331-dd9b30823ceb h1:/5r4yp+uJyB+54FLtrd99rh2eJUCkwj6jpt9EOukKp0=
github.com/modernc-tree-sitter/ccgo-tree-sitter/grammar/vue v0.0.0-20260725174331-dd9b30823ceb/go.mod h1:eSS0kSFhwk4U8DlVqTYCHXFR+1owVQg90uS2yd38pV0=
github.com/modernc-tree-sitter/ccgo-tree-sitter/grammar/zig v0.0.0-20260802195525-37cdcab3c8c7 h1:YevnpqB5dSFzw7cuK3xhzANxgcf1CD2QoJbws/rrYAo=
github.com/modernc-tree-sitter/ccgo-tree-sitter/grammar/zig v0.0.0-20260802195525-37cdcab3c8c7/go.mod h1:Sx7FaoZ5ixbFbz0XAVvCYyskJ0zFajYQluZsIw/HOlc=
github.com/muesli/termenv v0.16.0 h1:S5AlUN9dENB57rsbnkPyfdGuWIlkmzJjbFf0Tf5FWUc=
github.com/muesli/termenv v0.16.0/go.mod h1:ZRfOIKPFDYQoDFF4Olj7/QJbW60Ol/kL1pU3VfY/Cnk=
github.com/ncruces/go-strftime v1.0.0 h1:HMFp8mLCTPp341M/ZnA4qaf7ZlsbTc+miZjCLOFAw7w=
github.com/ncruces/go-strftime v1.0.0/go.mod h1:Fwc5htZGVVkseilnfgOVb9mKy6w1naJmn9CehxcKcls=
github.com/pelletier/go-toml/v2 v2.4.3 h1:GTRvJQutkOSftxIFD5xw9aepkYNuPWmVJpffdDPYVpY=
github.com/pelletier/go-toml/v2 v2.4.3/go.mod h1:2gIqNv+qfxSVS7cM2xJQKtLSTLUE9V8t9Stt+h56mCY=
github.com/remyoudompheng/bigfft v0.0.0-20230129092748-24d4a6f8daec h1:W09IVJc94icq4NjY3clb7Lk8O1qJ8BdBEF8z0ibU0rE=
github.com/remyoudompheng/bigfft v0.0.0-20230129092748-24d4a6f8daec/go.mod h1:qqbHyh8v60DhA7CoWK5oRCqLrMHRGoxYCSS9EjAz6Eo=
github.com/rivo/uniseg v0.4.7 h1:WUdvkW8uEhrYfLC4ZzdpI2ztxP1I582+49Oc5Mq64VQ=
github.com/rivo/uniseg v0.4.7/go.mod h1:FN3SvrM+Zdj16jyLfmOkMNblXMcoc8DfTHruCPUcx88=
github.com/russross/blackfriday/v2 v2.1.0/go.mod h1:+Rmxgy9KzJVeS9/2gXHxylqXiyQDYRxCVz55jmeOWTM=
github.com/spf13/cobra v1.10.2 h1:DMTTonx5m65Ic0GOoRY2c16WCbHxOOw6xxezuLaBpcU=
github.com/spf13/cobra v1.10.2/go.mod h1:7C1pvHqHw5A4vrJfjNwvOdzYu0Gml16OCs2GRiTUUS4=
github.com/spf13/pflag v1.0.9/go.mod h1:McXfInJRrz4CZXVZOBLb0bTZqETkiAhM9Iw0y3An2Bg=
github.com/spf13/pflag v1.0.10 h1:4EBh2KAYBwaONj6b2Ye1GiHfwjqyROoF4RwYO+vPwFk=
github.com/spf13/pflag v1.0.10/go.mod h1:McXfInJRrz4CZXVZOBLb0bTZqETkiAhM9Iw0y3An2Bg=
github.com/stretchr/testify v1.12.1 h1:EuwCh5fleGS7H32xRwO3wRGT7DxrDhLAT6FF8MpWDWE=
github.com/stretchr/testify v1.12.1/go.mod h1:MDEgiDPPsNp5cuIrHPPCyornHKgEVbtFUmoNlxoYthg=
github.com/xo/terminfo v0.0.0-20220910002029-abceb7e1c41e h1:JVG44RsyaB9T2KIHavMF/ppJZNG9ZpyihvCd0w101no=
github.com/xo/terminfo v0.0.0-20220910002029-abceb7e1c41e/go.mod h1:RbqR21r5mrJuqunuUZ/Dhy/avygyECGrLceyNeo4LiM=
go.yaml.in/yaml/v3 v3.0.4/go.mod h1:DhzuOOF2ATzADvBadXxruRBLzYTpT36CKvDb3+aBEFg=
go.yaml.in/yaml/v3 v3.0.5 h1:N6y/pJk8buWs9NY5ERU2HSMfm+IuD/OtfdAnq6kESPw=
go.yaml.in/yaml/v3 v3.0.5/go.mod h1:HVTZu1O7/Vkt2N+BFy8Zza+lnLsABggaTM2ZpNIGuKg=
golang.org/x/exp v0.0.0-20260908205506-85c1c2202aba h1:Ck8QetSgk912qxWLMCKxd0in+aiyBQyDSMae6e/xmpU=
golang.org/x/exp v0.0.0-20260908205506-85c1c2202aba/go.mod h1:50RgIsmK7OwqzTTeqcSXQW8SswW0o8fRcDxmqGluJ8E=
golang.org/x/image v0.42.0 h1:1gSs6ehNWXLbkHBIPcWztk3D/6aIA/8hauiAYtlodVY=
golang.org/x/image v0.42.0/go.mod h1:rrpelvGFt+kLPAjPM4HeWPgrl0FtafueU//e5N0qk/Q=
golang.org/x/mod v0.41.0 h1:qJmnOUb4YB+FsEuM3HcWucdZASCPGhsX6uljO6pog0c=
golang.org/x/mod v0.41.0/go.mod h1:Ek9pY8RKWXwsWvd3rQiHYtMqkjSUV+s1Rj7j4H5Ur6o=
golang.org/x/sync v0.23.0 h1:KameEIfc1IkluZyXWLn39Wd4tURc6GbCiISGiZm2bQk=
golang.org/x/sync v0.23.0/go.mod h1:sUUOizhqBxiL6pEWpqNLUiaJn1ShEbZ6BBqskPbjZm0=
golang.org/x/sys v0.48.0 h1:bbX/i/6MgT9BVLM9RT1thmxL04yeTAhbEz4SyadbXoo=
golang.org/x/sys v0.48.0/go.mod h1:hNLxWAXmnKAxqDtdwIYC4bM9oQPEecfsnNMuSxOs3og=
golang.org/x/text v0.42.0 h1:JbOZXgfeCPU9gacVtYliJqOhD+zhrEqK4LfdpmlUZqI=
golang.org/x/text v0.42.0/go.mod h1:ojzP1Z+2QtioaF8DTtO8K5q7JWVVYwZKenzujK0Zd0E=
golang.org/x/tools v0.50.0 h1:c2ifzfcuY7L90lZ2aKd8S4K2NpASF08SZx9ZuJkHmSU=
golang.org/x/tools v0.50.0/go.mod h1:7ulVMw3831Mwi5EZD6RomGyffr4VFjuNYXf2BbCEAV0=
gopkg.in/check.v1 v0.0.0-20161208181325-20d25e280405/go.mod h1:Co6ibVJAznAaIkqp8huTwlJQCZ016jof/cbN4VW5Yz0=
modernc.org/cc/v4 v4.29.2 h1:h6+9ciCnPKutf4I03CvheAvDLX7+IHlqR6Iy6J+cgd8=
modernc.org/cc/v4 v4.29.2/go.mod h1:OnovgIhbbMXMu1aISnJ0wvVD1KnW+cAUJkIrAWh+kVI=
modernc.org/ccgo/v4 v4.35.0 h1:F+TUsmw09QxLzmi3aeYYGxjAXarmZaKgj3mKQHNaA8w=
modernc.org/ccgo/v4 v4.35.0/go.mod h1:qrVGs9S3Sr2Ztcg9ve+kTAYMp5a3YvWjo+SoN06kJ5I=
modernc.org/fileutil v1.4.0 h1:j6ZzNTftVS054gi281TyLjHPp6CPHr2KCxEXjEbD6SM=
modernc.org/fileutil v1.4.0/go.mod h1:EqdKFDxiByqxLk8ozOxObDSfcVOv/54xDs/DUHdvCUU=
modernc.org/gc/v2 v2.6.5 h1:nyqdV8q46KvTpZlsw66kWqwXRHdjIlJOhG6kxiV/9xI=
modernc.org/gc/v2 v2.6.5/go.mod h1:YgIahr1ypgfe7chRuJi2gD7DBQiKSLMPgBQe9oIiito=
modernc.org/gc/v3 v3.1.5 h1:21ldfPfRYE31Tb7B3mwAK8gy1AxP4+dKjrOQPfqakoc=
modernc.org/gc/v3 v3.1.5/go.mod h1:HFK/6AGESC7Ex+EZJhJ2Gni6cTaYpSMmU/cT9RmlfYY=
modernc.org/goabi0 v0.2.0 h1:HvEowk7LxcPd0eq6mVOAEMai46V+i7Jrj13t4AzuNks=
modernc.org/goabi0 v0.2.0/go.mod h1:CEFRnnJhKvWT1c1JTI3Avm+tgOWbkOu5oPA8eH8LnMI=
modernc.org/libc v1.75.6 h1:yKk8qo+Di4gkmvRboK8ocCqH22FiUCR6jRy2OwtCRus=
modernc.org/libc v1.75.6/go.mod h1:bO5o2ztHxBb2rjz0PgdHN0sSMw57CgxGFLZ3Qd/QpVQ=
modernc.org/mathutil v1.7.1 h1:GCZVGXdaN8gTqB1Mf/usp1Y/hSqgI2vAGGP4jZMCxOU=
modernc.org/mathutil v1.7.1/go.mod h1:4p5IwJITfppl0G4sUEDtCr4DthTaT47/N3aT6MhfgJg=
modernc.org/memory v1.12.1 h1:nFMiWrpStgZczNl6XI9GnIk/rWhYIyHGUaR04pGbp9g=
modernc.org/memory v1.12.1/go.mod h1:/JP4VbVC+K5sU2wZi9bHoq2MAkCnrt2r98UGeSK7Mjw=
modernc.org/opt v0.2.0 h1:tGyef5ApycA7FSEOMraay9SaTk5zmbx7Tu+cJs4QKZg=
modernc.org/opt v0.2.0/go.mod h1:03fq9lsNfvkYSfxrfUhZCWPk1lm4cq4N+Bh//bEtgns=
modernc.org/sortutil v1.2.1 h1:+xyoGf15mM3NMlPDnFqrteY07klSFxLElE2PVuWIJ7w=
modernc.org/sortutil v1.2.1/go.mod h1:7ZI3a3REbai7gzCLcotuw9AC4VZVpYMjDzETGsSMqJE=
modernc.org/strutil v1.2.1 h1:UneZBkQA+DX2Rp35KcM69cSsNES9ly8mQWD71HKlOA0=
modernc.org/strutil v1.2.1/go.mod h1:EHkiggD70koQxjVdSBM3JKM7k6L0FbGE5eymy9i3B9A=
modernc.org/token v1.1.0 h1:Xl7Ap9dKaEs5kLoOQeQmPWevfnk/DM5qcLcYlA8ys6Y=
modernc.org/token v1.1.0/go.mod h1:UGzOrNV1mAFSEB63lOFHIpNRUVMvYTc6yu1SMY/XTDM=
